// !$*UTF8*$!
{
	archiveVersion = 1;
	classes = {
	};
	objectVersion = 46;
	objects = {

/* Begin PBXBuildFile section */
		2006AEA41E2017B000FB683D /* AppDelegate.swift in Sources */ = {isa = PBXBuildFile; fileRef = 2006AEA31E2017B000FB683D /* AppDelegate.swift */; };
		2006AEA61E2017B000FB683D /* FirstViewController.swift in Sources */ = {isa = PBXBuildFile; fileRef = 2006AEA51E2017B000FB683D /* FirstViewController.swift */; };
		2006AEA81E2017B000FB683D /* SecondViewController.swift in Sources */ = {isa = PBXBuildFile; fileRef = 2006AEA71E2017B000FB683D /* SecondViewController.swift */; };
		2006AEAB1E2017B000FB683D /* storyboard in Resources */ = {isa = PBXBuildFile; fileRef = 2006AEA91E2017B000FB683D /* storyboard */; };
		2006AEAD1E2017B000FB683D /* Assets.xcassets in Resources */ = {isa = PBXBuildFile; fileRef = 2006AEAC1E2017B000FB683D /* Assets.xcassets */; };
		2006AEB01E2017B000FB683D /* LaunchScreen.storyboard in Resources */ = {isa = PBXBuildFile; fileRef = 2006AEAE1E2017B000FB683D /* LaunchScreen.storyboard */; };
		201711F01E4D0CC300350258 /* User-100.png in Resources */ = {isa = PBXBuildFile; fileRef = 201711EF1E4D0CC300350258 /* User-100.png */; };
		201711F21E4D0CCE00350258 /* Home-96.png in Resources */ = {isa = PBXBuildFile; fileRef = 201711F11E4D0CCE00350258 /* Home-96.png */; };
		201711F31E4D0D7800350258 /* 15879367_10210070566253975_367807476_n.png in Resources */ = {isa = PBXBuildFile; fileRef = 201711F51E4D0D7800350258 /* 15879367_10210070566253975_367807476_n.png */; };
		201823F81E43B77C0007F478 /* SWRevealViewController.m in Sources */ = {isa = PBXBuildFile; fileRef = 201823F71E43B77C0007F478 /* SWRevealViewController.m */; };
		201DF6671E8C675900BD7E93 /* Home2.swift in Sources */ = {isa = PBXBuildFile; fileRef = 201DF6661E8C675900BD7E93 /* Home2.swift */; };
		201DF6691E8C6A1300BD7E93 /* beautiful_golf_course-wallpaper-960x640.jpg in Resources */ = {isa = PBXBuildFile; fileRef = 201DF6681E8C6A1300BD7E93 /* beautiful_golf_course-wallpaper-960x640.jpg */; };
		201DF66B1E8C6D0000BD7E93 /* golfer-swinging-sunset.png in Resources */ = {isa = PBXBuildFile; fileRef = 201DF66A1E8C6D0000BD7E93 /* golfer-swinging-sunset.png */; };
		201DF66D1E8C6D1200BD7E93 /* SanctuaryGolfCourseScorecardDesign2.jpg in Resources */ = {isa = PBXBuildFile; fileRef = 201DF66C1E8C6D1200BD7E93 /* SanctuaryGolfCourseScorecardDesign2.jpg */; };
		207400D71E567CB5007D7645 /* GoogleService-Info.plist in Resources */ = {isa = PBXBuildFile; fileRef = 207400D61E567CB5007D7645 /* GoogleService-Info.plist */; };
		20781E411E68C7460011B44D /* ProfileController.swift in Sources */ = {isa = PBXBuildFile; fileRef = 20781E401E68C7460011B44D /* ProfileController.swift */; };
		20781E441E68D2B30011B44D /* main.storyboard in Resources */ = {isa = PBXBuildFile; fileRef = 20781E421E68D2B30011B44D /* main.storyboard */; };
		209CFB711E79F28300B6D78A /* HoleViewController.swift in Sources */ = {isa = PBXBuildFile; fileRef = 209CFB701E79F28300B6D78A /* HoleViewController.swift */; };
		209CFB731E79F47B00B6D78A /* MapViewController.swift in Sources */ = {isa = PBXBuildFile; fileRef = 209CFB721E79F47B00B6D78A /* MapViewController.swift */; };
		209CFB751E79F58400B6D78A /* LocationManager.swift in Sources */ = {isa = PBXBuildFile; fileRef = 209CFB741E79F58400B6D78A /* LocationManager.swift */; };
		209CFB771E79FF8D00B6D78A /* MapAnnotation.swift in Sources */ = {isa = PBXBuildFile; fileRef = 209CFB761E79FF8D00B6D78A /* MapAnnotation.swift */; };
		209CFB791E7A033200B6D78A /* 15934762_10210060875371709_915351557_n.png in Resources */ = {isa = PBXBuildFile; fileRef = 209CFB781E7A033200B6D78A /* 15934762_10210060875371709_915351557_n.png */; };
		209CFB7B1E7A034E00B6D78A /* 15934735_10210060890212080_1595820195_n.png in Resources */ = {isa = PBXBuildFile; fileRef = 209CFB7A1E7A034E00B6D78A /* 15934735_10210060890212080_1595820195_n.png */; };
		20BD36851E83274D002E3052 /* MapViewController2.swift in Sources */ = {isa = PBXBuildFile; fileRef = 20BD36841E83274D002E3052 /* MapViewController2.swift */; };
		20BD36871E832A03002E3052 /* Forward-50-2.png in Resources */ = {isa = PBXBuildFile; fileRef = 20BD36861E832A03002E3052 /* Forward-50-2.png */; };
		20BD36891E832A70002E3052 /* MapViewController3.swift in Sources */ = {isa = PBXBuildFile; fileRef = 20BD36881E832A70002E3052 /* MapViewController3.swift */; };
		20BD368B1E832A7D002E3052 /* MapViewController4.swift in Sources */ = {isa = PBXBuildFile; fileRef = 20BD368A1E832A7D002E3052 /* MapViewController4.swift */; };
		20BD36991E833F8D002E3052 /* Roboto-Black.ttf in Resources */ = {isa = PBXBuildFile; fileRef = 20BD368D1E833CB6002E3052 /* Roboto-Black.ttf */; };
		20BD369A1E833F8D002E3052 /* Roboto-BlackItalic.ttf in Resources */ = {isa = PBXBuildFile; fileRef = 20BD368E1E833CB6002E3052 /* Roboto-BlackItalic.ttf */; };
		20BD369B1E833F8D002E3052 /* Roboto-Bold.ttf in Resources */ = {isa = PBXBuildFile; fileRef = 20BD368F1E833CB6002E3052 /* Roboto-Bold.ttf */; };
		20BD369C1E833F8D002E3052 /* Roboto-BoldItalic.ttf in Resources */ = {isa = PBXBuildFile; fileRef = 20BD36901E833CB6002E3052 /* Roboto-BoldItalic.ttf */; };
		20BD369D1E833F8D002E3052 /* Roboto-Italic.ttf in Resources */ = {isa = PBXBuildFile; fileRef = 20BD36911E833CB6002E3052 /* Roboto-Italic.ttf */; };
		20BD369E1E833F8D002E3052 /* Roboto-Light.ttf in Resources */ = {isa = PBXBuildFile; fileRef = 20BD36921E833CB6002E3052 /* Roboto-Light.ttf */; };
		20BD369F1E833F8D002E3052 /* Roboto-LightItalic.ttf in Resources */ = {isa = PBXBuildFile; fileRef = 20BD36931E833CB6002E3052 /* Roboto-LightItalic.ttf */; };
		20BD36A01E833F8D002E3052 /* Roboto-Medium.ttf in Resources */ = {isa = PBXBuildFile; fileRef = 20BD36941E833CB6002E3052 /* Roboto-Medium.ttf */; };
		20BD36A11E833F8D002E3052 /* Roboto-MediumItalic.ttf in Resources */ = {isa = PBXBuildFile; fileRef = 20BD36951E833CB6002E3052 /* Roboto-MediumItalic.ttf */; };
		20BD36A21E833F8D002E3052 /* Roboto-Regular.ttf in Resources */ = {isa = PBXBuildFile; fileRef = 20BD36961E833CB6002E3052 /* Roboto-Regular.ttf */; };
		20BD36A31E833F8D002E3052 /* Roboto-Thin.ttf in Resources */ = {isa = PBXBuildFile; fileRef = 20BD36971E833CB6002E3052 /* Roboto-Thin.ttf */; };
		20BD36A41E833F8D002E3052 /* Roboto-ThinItalic.ttf in Resources */ = {isa = PBXBuildFile; fileRef = 20BD36981E833CB6002E3052 /* Roboto-ThinItalic.ttf */; };
		20BD36A61E83406D002E3052 /* Back-50.png in Resources */ = {isa = PBXBuildFile; fileRef = 20BD36A51E83406D002E3052 /* Back-50.png */; };
		20C67C0D1E2579DB00889533 /* Menu-25.png in Resources */ = {isa = PBXBuildFile; fileRef = 20C67C0C1E2579DB00889533 /* Menu-25.png */; };
		E38664F6EBB698B7879A089E /* Pods_2Golf4.framework in Frameworks */ = {isa = PBXBuildFile; fileRef = DA5DB3843D50A2D02F4483E9 /* Pods_2Golf4.framework */; };
/* End PBXBuildFile section */

/* Begin PBXFileReference section */
		1A85BD10337942A116FCA501 /* Pods-2Golf4Tests.debug.xcconfig */ = {isa = PBXFileReference; includeInIndex = 1; lastKnownFileType = text.xcconfig; name = "Pods-2Golf4Tests.debug.xcconfig"; path = "Pods/Target Support Files/Pods-2Golf4Tests/Pods-2Golf4Tests.debug.xcconfig"; sourceTree = "<group>"; };
		2006AEA01E2017B000FB683D /* 2Golf4.app */ = {isa = PBXFileReference; explicitFileType = wrapper.application; includeInIndex = 0; path = 2Golf4.app; sourceTree = BUILT_PRODUCTS_DIR; };
		2006AEA31E2017B000FB683D /* AppDelegate.swift */ = {isa = PBXFileReference; lastKnownFileType = sourcecode.swift; path = AppDelegate.swift; sourceTree = "<group>"; };
		2006AEA51E2017B000FB683D /* FirstViewController.swift */ = {isa = PBXFileReference; lastKnownFileType = sourcecode.swift; path = FirstViewController.swift; sourceTree = "<group>"; };
		2006AEA71E2017B000FB683D /* SecondViewController.swift */ = {isa = PBXFileReference; lastKnownFileType = sourcecode.swift; path = SecondViewController.swift; sourceTree = "<group>"; };
		2006AEAA1E2017B000FB683D /* Base */ = {isa = PBXFileReference; lastKnownFileType = text.xml; name = Base; path = Base.lproj/storyboard; sourceTree = "<group>"; };
		2006AEAC1E2017B000FB683D /* Assets.xcassets */ = {isa = PBXFileReference; lastKnownFileType = folder.assetcatalog; path = Assets.xcassets; sourceTree = "<group>"; };
		2006AEAF1E2017B000FB683D /* Base */ = {isa = PBXFileReference; lastKnownFileType = file.storyboard; name = Base; path = Base.lproj/LaunchScreen.storyboard; sourceTree = "<group>"; };
		2006AEB11E2017B000FB683D /* Info.plist */ = {isa = PBXFileReference; lastKnownFileType = text.plist.xml; path = Info.plist; sourceTree = "<group>"; };
		2006AEBA1E2017B000FB683D /* _Golf4Tests.swift */ = {isa = PBXFileReference; lastKnownFileType = sourcecode.swift; path = _Golf4Tests.swift; sourceTree = "<group>"; };
		2006AEBC1E2017B000FB683D /* Info.plist */ = {isa = PBXFileReference; lastKnownFileType = text.plist.xml; path = Info.plist; sourceTree = "<group>"; };
		2006AEC51E2017B000FB683D /* _Golf4UITests.swift */ = {isa = PBXFileReference; lastKnownFileType = sourcecode.swift; path = _Golf4UITests.swift; sourceTree = "<group>"; };
		2006AEC71E2017B000FB683D /* Info.plist */ = {isa = PBXFileReference; lastKnownFileType = text.plist.xml; path = Info.plist; sourceTree = "<group>"; };
		201711EF1E4D0CC300350258 /* User-100.png */ = {isa = PBXFileReference; lastKnownFileType = image.png; name = "User-100.png"; path = "../../../Downloads/User-100.png"; sourceTree = "<group>"; };
		201711F11E4D0CCE00350258 /* Home-96.png */ = {isa = PBXFileReference; lastKnownFileType = image.png; name = "Home-96.png"; path = "../../../Downloads/Home-96.png"; sourceTree = "<group>"; };
		201711F41E4D0D7800350258 /* Base */ = {isa = PBXFileReference; lastKnownFileType = image.png; name = Base; path = Base.lproj/15879367_10210070566253975_367807476_n.png; sourceTree = "<group>"; };
		201823F51E43B77B0007F478 /* 2Golf4-Bridging-Header.h */ = {isa = PBXFileReference; lastKnownFileType = sourcecode.c.h; path = "2Golf4-Bridging-Header.h"; sourceTree = "<group>"; };
		201823F61E43B77C0007F478 /* SWRevealViewController.h */ = {isa = PBXFileReference; fileEncoding = 4; lastKnownFileType = sourcecode.c.h; path = SWRevealViewController.h; sourceTree = "<group>"; };
		201823F71E43B77C0007F478 /* SWRevealViewController.m */ = {isa = PBXFileReference; fileEncoding = 4; lastKnownFileType = sourcecode.c.objc; path = SWRevealViewController.m; sourceTree = "<group>"; };
		201DF6661E8C675900BD7E93 /* Home2.swift */ = {isa = PBXFileReference; fileEncoding = 4; lastKnownFileType = sourcecode.swift; path = Home2.swift; sourceTree = "<group>"; };
		201DF6681E8C6A1300BD7E93 /* beautiful_golf_course-wallpaper-960x640.jpg */ = {isa = PBXFileReference; lastKnownFileType = image.jpeg; path = "beautiful_golf_course-wallpaper-960x640.jpg"; sourceTree = "<group>"; };
		201DF66A1E8C6D0000BD7E93 /* golfer-swinging-sunset.png */ = {isa = PBXFileReference; lastKnownFileType = image.png; path = "golfer-swinging-sunset.png"; sourceTree = "<group>"; };
		201DF66C1E8C6D1200BD7E93 /* SanctuaryGolfCourseScorecardDesign2.jpg */ = {isa = PBXFileReference; lastKnownFileType = image.jpeg; path = SanctuaryGolfCourseScorecardDesign2.jpg; sourceTree = "<group>"; };
		205C489E1E20535B00955FA8 /* Roboto-Light.ttf */ = {isa = PBXFileReference; lastKnownFileType = file; name = "Roboto-Light.ttf"; path = "../../../Downloads/roboto/Roboto-Light.ttf"; sourceTree = "<group>"; };
		207400D61E567CB5007D7645 /* GoogleService-Info.plist */ = {isa = PBXFileReference; fileEncoding = 4; lastKnownFileType = text.plist.xml; name = "GoogleService-Info.plist"; path = "../../../Downloads/GoogleService-Info.plist"; sourceTree = "<group>"; };
		20781E401E68C7460011B44D /* ProfileController.swift */ = {isa = PBXFileReference; fileEncoding = 4; lastKnownFileType = sourcecode.swift; name = ProfileController.swift; path = ../ProfileController.swift; sourceTree = "<group>"; };
		20781E431E68D2B30011B44D /* Base */ = {isa = PBXFileReference; lastKnownFileType = file.storyboard; name = Base; path = Base.lproj/main.storyboard; sourceTree = "<group>"; };
		209CFB701E79F28300B6D78A /* HoleViewController.swift */ = {isa = PBXFileReference; fileEncoding = 4; lastKnownFileType = sourcecode.swift; path = HoleViewController.swift; sourceTree = "<group>"; };
		209CFB721E79F47B00B6D78A /* MapViewController.swift */ = {isa = PBXFileReference; fileEncoding = 4; lastKnownFileType = sourcecode.swift; path = MapViewController.swift; sourceTree = "<group>"; };
		209CFB741E79F58400B6D78A /* LocationManager.swift */ = {isa = PBXFileReference; fileEncoding = 4; lastKnownFileType = sourcecode.swift; path = LocationManager.swift; sourceTree = "<group>"; };
		209CFB761E79FF8D00B6D78A /* MapAnnotation.swift */ = {isa = PBXFileReference; fileEncoding = 4; lastKnownFileType = sourcecode.swift; path = MapAnnotation.swift; sourceTree = "<group>"; };
		209CFB781E7A033200B6D78A /* 15934762_10210060875371709_915351557_n.png */ = {isa = PBXFileReference; lastKnownFileType = image.png; path = 15934762_10210060875371709_915351557_n.png; sourceTree = "<group>"; };
		209CFB7A1E7A034E00B6D78A /* 15934735_10210060890212080_1595820195_n.png */ = {isa = PBXFileReference; lastKnownFileType = image.png; path = 15934735_10210060890212080_1595820195_n.png; sourceTree = "<group>"; };
		20BD36841E83274D002E3052 /* MapViewController2.swift */ = {isa = PBXFileReference; fileEncoding = 4; lastKnownFileType = sourcecode.swift; path = MapViewController2.swift; sourceTree = "<group>"; };
		20BD36861E832A03002E3052 /* Forward-50-2.png */ = {isa = PBXFileReference; lastKnownFileType = image.png; path = "Forward-50-2.png"; sourceTree = "<group>"; };
		20BD36881E832A70002E3052 /* MapViewController3.swift */ = {isa = PBXFileReference; fileEncoding = 4; lastKnownFileType = sourcecode.swift; path = MapViewController3.swift; sourceTree = "<group>"; };
		20BD368A1E832A7D002E3052 /* MapViewController4.swift */ = {isa = PBXFileReference; fileEncoding = 4; lastKnownFileType = sourcecode.swift; path = MapViewController4.swift; sourceTree = "<group>"; };
		20BD368D1E833CB6002E3052 /* Roboto-Black.ttf */ = {isa = PBXFileReference; lastKnownFileType = file; path = "Roboto-Black.ttf"; sourceTree = "<group>"; };
		20BD368E1E833CB6002E3052 /* Roboto-BlackItalic.ttf */ = {isa = PBXFileReference; lastKnownFileType = file; path = "Roboto-BlackItalic.ttf"; sourceTree = "<group>"; };
		20BD368F1E833CB6002E3052 /* Roboto-Bold.ttf */ = {isa = PBXFileReference; lastKnownFileType = file; path = "Roboto-Bold.ttf"; sourceTree = "<group>"; };
		20BD36901E833CB6002E3052 /* Roboto-BoldItalic.ttf */ = {isa = PBXFileReference; lastKnownFileType = file; path = "Roboto-BoldItalic.ttf"; sourceTree = "<group>"; };
		20BD36911E833CB6002E3052 /* Roboto-Italic.ttf */ = {isa = PBXFileReference; lastKnownFileType = file; path = "Roboto-Italic.ttf"; sourceTree = "<group>"; };
		20BD36921E833CB6002E3052 /* Roboto-Light.ttf */ = {isa = PBXFileReference; lastKnownFileType = file; path = "Roboto-Light.ttf"; sourceTree = "<group>"; };
		20BD36931E833CB6002E3052 /* Roboto-LightItalic.ttf */ = {isa = PBXFileReference; lastKnownFileType = file; path = "Roboto-LightItalic.ttf"; sourceTree = "<group>"; };
		20BD36941E833CB6002E3052 /* Roboto-Medium.ttf */ = {isa = PBXFileReference; lastKnownFileType = file; path = "Roboto-Medium.ttf"; sourceTree = "<group>"; };
		20BD36951E833CB6002E3052 /* Roboto-MediumItalic.ttf */ = {isa = PBXFileReference; lastKnownFileType = file; path = "Roboto-MediumItalic.ttf"; sourceTree = "<group>"; };
		20BD36961E833CB6002E3052 /* Roboto-Regular.ttf */ = {isa = PBXFileReference; lastKnownFileType = file; path = "Roboto-Regular.ttf"; sourceTree = "<group>"; };
		20BD36971E833CB6002E3052 /* Roboto-Thin.ttf */ = {isa = PBXFileReference; lastKnownFileType = file; path = "Roboto-Thin.ttf"; sourceTree = "<group>"; };
		20BD36981E833CB6002E3052 /* Roboto-ThinItalic.ttf */ = {isa = PBXFileReference; lastKnownFileType = file; path = "Roboto-ThinItalic.ttf"; sourceTree = "<group>"; };
		20BD36A51E83406D002E3052 /* Back-50.png */ = {isa = PBXFileReference; lastKnownFileType = image.png; path = "Back-50.png"; sourceTree = "<group>"; };
		20C67C0C1E2579DB00889533 /* Menu-25.png */ = {isa = PBXFileReference; lastKnownFileType = image.png; name = "Menu-25.png"; path = "../../../Downloads/Menu-25.png"; sourceTree = "<group>"; };
		4BAF054DED288F8E79496866 /* Pods_2Golf4UITests.framework */ = {isa = PBXFileReference; explicitFileType = wrapper.framework; includeInIndex = 0; path = Pods_2Golf4UITests.framework; sourceTree = BUILT_PRODUCTS_DIR; };
		51E4D718110997EFE8038010 /* Pods-2Golf4.release.xcconfig */ = {isa = PBXFileReference; includeInIndex = 1; lastKnownFileType = text.xcconfig; name = "Pods-2Golf4.release.xcconfig"; path = "Pods/Target Support Files/Pods-2Golf4/Pods-2Golf4.release.xcconfig"; sourceTree = "<group>"; };
		5B7CA3EDB690E1F9FC7C09A1 /* Pods-2Golf4-2Golf4Tests.debug.xcconfig */ = {isa = PBXFileReference; includeInIndex = 1; lastKnownFileType = text.xcconfig; name = "Pods-2Golf4-2Golf4Tests.debug.xcconfig"; path = "Pods/Target Support Files/Pods-2Golf4-2Golf4Tests/Pods-2Golf4-2Golf4Tests.debug.xcconfig"; sourceTree = "<group>"; };
		680FABB7E2E372A6BB52F4E0 /* Pods_2Golf4_2Golf4Tests.framework */ = {isa = PBXFileReference; explicitFileType = wrapper.framework; includeInIndex = 0; path = Pods_2Golf4_2Golf4Tests.framework; sourceTree = BUILT_PRODUCTS_DIR; };
		70202822961AEA88538717BC /* Pods_2Golf4_2Golf4UITests.framework */ = {isa = PBXFileReference; explicitFileType = wrapper.framework; includeInIndex = 0; path = Pods_2Golf4_2Golf4UITests.framework; sourceTree = BUILT_PRODUCTS_DIR; };
		92A06FC2FBB0C4E271EDB63A /* Pods-2Golf4.debug.xcconfig */ = {isa = PBXFileReference; includeInIndex = 1; lastKnownFileType = text.xcconfig; name = "Pods-2Golf4.debug.xcconfig"; path = "Pods/Target Support Files/Pods-2Golf4/Pods-2Golf4.debug.xcconfig"; sourceTree = "<group>"; };
		ADFCD8EAE33135DF3A0D246D /* Pods-2Golf4Tests.release.xcconfig */ = {isa = PBXFileReference; includeInIndex = 1; lastKnownFileType = text.xcconfig; name = "Pods-2Golf4Tests.release.xcconfig"; path = "Pods/Target Support Files/Pods-2Golf4Tests/Pods-2Golf4Tests.release.xcconfig"; sourceTree = "<group>"; };
		BD58494FB64A25E1ABC99281 /* Pods-2Golf4-2Golf4Tests.release.xcconfig */ = {isa = PBXFileReference; includeInIndex = 1; lastKnownFileType = text.xcconfig; name = "Pods-2Golf4-2Golf4Tests.release.xcconfig"; path = "Pods/Target Support Files/Pods-2Golf4-2Golf4Tests/Pods-2Golf4-2Golf4Tests.release.xcconfig"; sourceTree = "<group>"; };
		BEFAEB046B8C7BD7EA7C067B /* Pods-2Golf4-2Golf4UITests.release.xcconfig */ = {isa = PBXFileReference; includeInIndex = 1; lastKnownFileType = text.xcconfig; name = "Pods-2Golf4-2Golf4UITests.release.xcconfig"; path = "Pods/Target Support Files/Pods-2Golf4-2Golf4UITests/Pods-2Golf4-2Golf4UITests.release.xcconfig"; sourceTree = "<group>"; };
		C49A322EFF91A02B44B76B77 /* Pods_2Golf4Tests.framework */ = {isa = PBXFileReference; explicitFileType = wrapper.framework; includeInIndex = 0; path = Pods_2Golf4Tests.framework; sourceTree = BUILT_PRODUCTS_DIR; };
		C5230BF98800566C264D2642 /* Pods-2Golf4-2Golf4UITests.debug.xcconfig */ = {isa = PBXFileReference; includeInIndex = 1; lastKnownFileType = text.xcconfig; name = "Pods-2Golf4-2Golf4UITests.debug.xcconfig"; path = "Pods/Target Support Files/Pods-2Golf4-2Golf4UITests/Pods-2Golf4-2Golf4UITests.debug.xcconfig"; sourceTree = "<group>"; };
		D868A9DF5B7865D929187D92 /* Pods-2Golf4UITests.debug.xcconfig */ = {isa = PBXFileReference; includeInIndex = 1; lastKnownFileType = text.xcconfig; name = "Pods-2Golf4UITests.debug.xcconfig"; path = "Pods/Target Support Files/Pods-2Golf4UITests/Pods-2Golf4UITests.debug.xcconfig"; sourceTree = "<group>"; };
		DA5DB3843D50A2D02F4483E9 /* Pods_2Golf4.framework */ = {isa = PBXFileReference; explicitFileType = wrapper.framework; includeInIndex = 0; path = Pods_2Golf4.framework; sourceTree = BUILT_PRODUCTS_DIR; };
		E8D6FC3A64696F7AEF62BB74 /* Pods-2Golf4UITests.release.xcconfig */ = {isa = PBXFileReference; includeInIndex = 1; lastKnownFileType = text.xcconfig; name = "Pods-2Golf4UITests.release.xcconfig"; path = "Pods/Target Support Files/Pods-2Golf4UITests/Pods-2Golf4UITests.release.xcconfig"; sourceTree = "<group>"; };
/* End PBXFileReference section */

/* Begin PBXFrameworksBuildPhase section */
		2006AE9D1E2017B000FB683D /* Frameworks */ = {
			isa = PBXFrameworksBuildPhase;
			buildActionMask = 2147483647;
			files = (
				E38664F6EBB698B7879A089E /* Pods_2Golf4.framework in Frameworks */,
			);
			runOnlyForDeploymentPostprocessing = 0;
		};
/* End PBXFrameworksBuildPhase section */

/* Begin PBXGroup section */
		2006AE971E2017B000FB683D = {
			isa = PBXGroup;
			children = (
				2006AEA21E2017B000FB683D /* 2Golf4 */,
				2006AEB91E2017B000FB683D /* 2Golf4Tests */,
				2006AEC41E2017B000FB683D /* 2Golf4UITests */,
				2006AEA11E2017B000FB683D /* Products */,
				405DF44ADEF615335E32D719 /* Pods */,
				E4C6D71522F7B7D1F495CECC /* Frameworks */,
			);
			sourceTree = "<group>";
		};
		2006AEA11E2017B000FB683D /* Products */ = {
			isa = PBXGroup;
			children = (
				2006AEA01E2017B000FB683D /* 2Golf4.app */,
			);
			name = Products;
			sourceTree = "<group>";
		};
		2006AEA21E2017B000FB683D /* 2Golf4 */ = {
			isa = PBXGroup;
			children = (
				20781E401E68C7460011B44D /* ProfileController.swift */,
				2006AEA31E2017B000FB683D /* AppDelegate.swift */,
				2006AEA51E2017B000FB683D /* FirstViewController.swift */,
				2006AEA71E2017B000FB683D /* SecondViewController.swift */,
				2006AEA91E2017B000FB683D /* storyboard */,
				20781E421E68D2B30011B44D /* main.storyboard */,
				201DF6661E8C675900BD7E93 /* Home2.swift */,
				20BD36841E83274D002E3052 /* MapViewController2.swift */,
				20BD36881E832A70002E3052 /* MapViewController3.swift */,
				20BD368A1E832A7D002E3052 /* MapViewController4.swift */,
				209CFB721E79F47B00B6D78A /* MapViewController.swift */,
				209CFB761E79FF8D00B6D78A /* MapAnnotation.swift */,
				209CFB701E79F28300B6D78A /* HoleViewController.swift */,
				209CFB741E79F58400B6D78A /* LocationManager.swift */,
				2006AEAC1E2017B000FB683D /* Assets.xcassets */,
				2006AEAE1E2017B000FB683D /* LaunchScreen.storyboard */,
				20781E3B1E68BC900011B44D /* Imgs */,
				2006AEB11E2017B000FB683D /* Info.plist */,
				20BD368C1E833CA6002E3052 /* Fonts */,
				207400D61E567CB5007D7645 /* GoogleService-Info.plist */,
				201823F61E43B77C0007F478 /* SWRevealViewController.h */,
				201823F71E43B77C0007F478 /* SWRevealViewController.m */,
				201823F51E43B77B0007F478 /* 2Golf4-Bridging-Header.h */,
			);
			path = 2Golf4;
			sourceTree = "<group>";
		};
		2006AEB91E2017B000FB683D /* 2Golf4Tests */ = {
			isa = PBXGroup;
			children = (
				2006AEBA1E2017B000FB683D /* _Golf4Tests.swift */,
				2006AEBC1E2017B000FB683D /* Info.plist */,
			);
			path = 2Golf4Tests;
			sourceTree = "<group>";
		};
		2006AEC41E2017B000FB683D /* 2Golf4UITests */ = {
			isa = PBXGroup;
			children = (
				2006AEC51E2017B000FB683D /* _Golf4UITests.swift */,
				2006AEC71E2017B000FB683D /* Info.plist */,
			);
			path = 2Golf4UITests;
			sourceTree = "<group>";
		};
		20781E3B1E68BC900011B44D /* Imgs */ = {
			isa = PBXGroup;
			children = (
				201DF66C1E8C6D1200BD7E93 /* SanctuaryGolfCourseScorecardDesign2.jpg */,
				201DF66A1E8C6D0000BD7E93 /* golfer-swinging-sunset.png */,
				201DF6681E8C6A1300BD7E93 /* beautiful_golf_course-wallpaper-960x640.jpg */,
				20BD36A51E83406D002E3052 /* Back-50.png */,
				20BD36861E832A03002E3052 /* Forward-50-2.png */,
				209CFB781E7A033200B6D78A /* 15934762_10210060875371709_915351557_n.png */,
				209CFB7A1E7A034E00B6D78A /* 15934735_10210060890212080_1595820195_n.png */,
				201711F51E4D0D7800350258 /* 15879367_10210070566253975_367807476_n.png */,
				201711EF1E4D0CC300350258 /* User-100.png */,
				201711F11E4D0CCE00350258 /* Home-96.png */,
				20C67C0C1E2579DB00889533 /* Menu-25.png */,
				205C489E1E20535B00955FA8 /* Roboto-Light.ttf */,
			);
			name = Imgs;
			sourceTree = "<group>";
		};
		20BD368C1E833CA6002E3052 /* Fonts */ = {
			isa = PBXGroup;
			children = (
				20BD368D1E833CB6002E3052 /* Roboto-Black.ttf */,
				20BD368E1E833CB6002E3052 /* Roboto-BlackItalic.ttf */,
				20BD368F1E833CB6002E3052 /* Roboto-Bold.ttf */,
				20BD36901E833CB6002E3052 /* Roboto-BoldItalic.ttf */,
				20BD36911E833CB6002E3052 /* Roboto-Italic.ttf */,
				20BD36921E833CB6002E3052 /* Roboto-Light.ttf */,
				20BD36931E833CB6002E3052 /* Roboto-LightItalic.ttf */,
				20BD36941E833CB6002E3052 /* Roboto-Medium.ttf */,
				20BD36951E833CB6002E3052 /* Roboto-MediumItalic.ttf */,
				20BD36961E833CB6002E3052 /* Roboto-Regular.ttf */,
				20BD36971E833CB6002E3052 /* Roboto-Thin.ttf */,
				20BD36981E833CB6002E3052 /* Roboto-ThinItalic.ttf */,
			);
			name = Fonts;
			sourceTree = "<group>";
		};
		405DF44ADEF615335E32D719 /* Pods */ = {
			isa = PBXGroup;
			children = (
				92A06FC2FBB0C4E271EDB63A /* Pods-2Golf4.debug.xcconfig */,
				51E4D718110997EFE8038010 /* Pods-2Golf4.release.xcconfig */,
				1A85BD10337942A116FCA501 /* Pods-2Golf4Tests.debug.xcconfig */,
				ADFCD8EAE33135DF3A0D246D /* Pods-2Golf4Tests.release.xcconfig */,
				D868A9DF5B7865D929187D92 /* Pods-2Golf4UITests.debug.xcconfig */,
				E8D6FC3A64696F7AEF62BB74 /* Pods-2Golf4UITests.release.xcconfig */,
				5B7CA3EDB690E1F9FC7C09A1 /* Pods-2Golf4-2Golf4Tests.debug.xcconfig */,
				BD58494FB64A25E1ABC99281 /* Pods-2Golf4-2Golf4Tests.release.xcconfig */,
				C5230BF98800566C264D2642 /* Pods-2Golf4-2Golf4UITests.debug.xcconfig */,
				BEFAEB046B8C7BD7EA7C067B /* Pods-2Golf4-2Golf4UITests.release.xcconfig */,
			);
			name = Pods;
			sourceTree = "<group>";
		};
		E4C6D71522F7B7D1F495CECC /* Frameworks */ = {
			isa = PBXGroup;
			children = (
				DA5DB3843D50A2D02F4483E9 /* Pods_2Golf4.framework */,
				C49A322EFF91A02B44B76B77 /* Pods_2Golf4Tests.framework */,
				4BAF054DED288F8E79496866 /* Pods_2Golf4UITests.framework */,
				680FABB7E2E372A6BB52F4E0 /* Pods_2Golf4_2Golf4Tests.framework */,
				70202822961AEA88538717BC /* Pods_2Golf4_2Golf4UITests.framework */,
			);
			name = Frameworks;
			sourceTree = "<group>";
		};
/* End PBXGroup section */

/* Begin PBXNativeTarget section */
		2006AE9F1E2017B000FB683D /* 2Golf4 */ = {
			isa = PBXNativeTarget;
			buildConfigurationList = 2006AECA1E2017B000FB683D /* Build configuration list for PBXNativeTarget "2Golf4" */;
			buildPhases = (
				FE43F9AA84B7C5BF21839A99 /* [CP] Check Pods Manifest.lock */,
				2006AE9C1E2017B000FB683D /* Sources */,
				2006AE9D1E2017B000FB683D /* Frameworks */,
				2006AE9E1E2017B000FB683D /* Resources */,
				E36E57A25DD1C991443BF8BB /* [CP] Embed Pods Frameworks */,
				317B371D56453EF5DC829783 /* [CP] Copy Pods Resources */,
			);
			buildRules = (
			);
			dependencies = (
			);
			name = 2Golf4;
			productName = 2Golf4;
			productReference = 2006AEA01E2017B000FB683D /* 2Golf4.app */;
			productType = "com.apple.product-type.application";
		};
/* End PBXNativeTarget section */

/* Begin PBXProject section */
		2006AE981E2017B000FB683D /* Project object */ = {
			isa = PBXProject;
			attributes = {
				LastSwiftUpdateCheck = 0820;
				LastUpgradeCheck = 0820;
				ORGANIZATIONNAME = "Evan ";
				TargetAttributes = {
					2006AE9F1E2017B000FB683D = {
						CreatedOnToolsVersion = 8.2.1;
						DevelopmentTeam = E662V5G5GY;
						LastSwiftMigration = 0820;
						ProvisioningStyle = Automatic;
					};
				};
			};
			buildConfigurationList = 2006AE9B1E2017B000FB683D /* Build configuration list for PBXProject "2Golf4" */;
			compatibilityVersion = "Xcode 3.2";
			developmentRegion = English;
			hasScannedForEncodings = 0;
			knownRegions = (
				en,
				Base,
			);
			mainGroup = 2006AE971E2017B000FB683D;
			productRefGroup = 2006AEA11E2017B000FB683D /* Products */;
			projectDirPath = "";
			projectRoot = "";
			targets = (
				2006AE9F1E2017B000FB683D /* 2Golf4 */,
			);
		};
/* End PBXProject section */

/* Begin PBXResourcesBuildPhase section */
		2006AE9E1E2017B000FB683D /* Resources */ = {
			isa = PBXResourcesBuildPhase;
			buildActionMask = 2147483647;
			files = (
				20BD36A61E83406D002E3052 /* Back-50.png in Resources */,
				20BD36991E833F8D002E3052 /* Roboto-Black.ttf in Resources */,
				20BD369A1E833F8D002E3052 /* Roboto-BlackItalic.ttf in Resources */,
				201DF66D1E8C6D1200BD7E93 /* SanctuaryGolfCourseScorecardDesign2.jpg in Resources */,
				20BD369B1E833F8D002E3052 /* Roboto-Bold.ttf in Resources */,
				20BD369C1E833F8D002E3052 /* Roboto-BoldItalic.ttf in Resources */,
				20BD369D1E833F8D002E3052 /* Roboto-Italic.ttf in Resources */,
				201DF66B1E8C6D0000BD7E93 /* golfer-swinging-sunset.png in Resources */,
				20BD369E1E833F8D002E3052 /* Roboto-Light.ttf in Resources */,
				20BD369F1E833F8D002E3052 /* Roboto-LightItalic.ttf in Resources */,
				20BD36A01E833F8D002E3052 /* Roboto-Medium.ttf in Resources */,
				20BD36A11E833F8D002E3052 /* Roboto-MediumItalic.ttf in Resources */,
				20BD36A21E833F8D002E3052 /* Roboto-Regular.ttf in Resources */,
				20BD36A31E833F8D002E3052 /* Roboto-Thin.ttf in Resources */,
				20BD36A41E833F8D002E3052 /* Roboto-ThinItalic.ttf in Resources */,
				201711F01E4D0CC300350258 /* User-100.png in Resources */,
				209CFB7B1E7A034E00B6D78A /* 15934735_10210060890212080_1595820195_n.png in Resources */,
				201711F21E4D0CCE00350258 /* Home-96.png in Resources */,
				2006AEB01E2017B000FB683D /* LaunchScreen.storyboard in Resources */,
				207400D71E567CB5007D7645 /* GoogleService-Info.plist in Resources */,
				2006AEAD1E2017B000FB683D /* Assets.xcassets in Resources */,
				201DF6691E8C6A1300BD7E93 /* beautiful_golf_course-wallpaper-960x640.jpg in Resources */,
				20781E441E68D2B30011B44D /* main.storyboard in Resources */,
				2006AEAB1E2017B000FB683D /* storyboard in Resources */,
				209CFB791E7A033200B6D78A /* 15934762_10210060875371709_915351557_n.png in Resources */,
				20BD36871E832A03002E3052 /* Forward-50-2.png in Resources */,
				201711F31E4D0D7800350258 /* 15879367_10210070566253975_367807476_n.png in Resources */,
				20C67C0D1E2579DB00889533 /* Menu-25.png in Resources */,
			);
			runOnlyForDeploymentPostprocessing = 0;
		};
/* End PBXResourcesBuildPhase section */

/* Begin PBXShellScriptBuildPhase section */
		317B371D56453EF5DC829783 /* [CP] Copy Pods Resources */ = {
			isa = PBXShellScriptBuildPhase;
			buildActionMask = 2147483647;
			files = (
			);
			inputPaths = (
			);
			name = "[CP] Copy Pods Resources";
			outputPaths = (
			);
			runOnlyForDeploymentPostprocessing = 0;
			shellPath = /bin/sh;
			shellScript = "\"${SRCROOT}/Pods/Target Support Files/Pods-2Golf4/Pods-2Golf4-resources.sh\"\n";
			showEnvVarsInLog = 0;
		};
		E36E57A25DD1C991443BF8BB /* [CP] Embed Pods Frameworks */ = {
			isa = PBXShellScriptBuildPhase;
			buildActionMask = 2147483647;
			files = (
			);
			inputPaths = (
			);
			name = "[CP] Embed Pods Frameworks";
			outputPaths = (
			);
			runOnlyForDeploymentPostprocessing = 0;
			shellPath = /bin/sh;
			shellScript = "\"${SRCROOT}/Pods/Target Support Files/Pods-2Golf4/Pods-2Golf4-frameworks.sh\"\n";
			showEnvVarsInLog = 0;
		};
		FE43F9AA84B7C5BF21839A99 /* [CP] Check Pods Manifest.lock */ = {
			isa = PBXShellScriptBuildPhase;
			buildActionMask = 2147483647;
			files = (
			);
			inputPaths = (
			);
			name = "[CP] Check Pods Manifest.lock";
			outputPaths = (
			);
			runOnlyForDeploymentPostprocessing = 0;
			shellPath = /bin/sh;
			shellScript = "diff \"${PODS_ROOT}/../Podfile.lock\" \"${PODS_ROOT}/Manifest.lock\" > /dev/null\nif [ $? != 0 ] ; then\n    # print error to STDERR\n    echo \"error: The sandbox is not in sync with the Podfile.lock. Run 'pod install' or update your CocoaPods installation.\" >&2\n    exit 1\nfi\n";
			showEnvVarsInLog = 0;
		};
/* End PBXShellScriptBuildPhase section */

/* Begin PBXSourcesBuildPhase section */
		2006AE9C1E2017B000FB683D /* Sources */ = {
			isa = PBXSourcesBuildPhase;
			buildActionMask = 2147483647;
			files = (
				20BD36891E832A70002E3052 /* MapViewController3.swift in Sources */,
				209CFB711E79F28300B6D78A /* HoleViewController.swift in Sources */,
				20781E411E68C7460011B44D /* ProfileController.swift in Sources */,
				209CFB771E79FF8D00B6D78A /* MapAnnotation.swift in Sources */,
				2006AEA81E2017B000FB683D /* SecondViewController.swift in Sources */,
				20BD36851E83274D002E3052 /* MapViewController2.swift in Sources */,
				2006AEA41E2017B000FB683D /* AppDelegate.swift in Sources */,
				209CFB751E79F58400B6D78A /* LocationManager.swift in Sources */,
				20BD368B1E832A7D002E3052 /* MapViewController4.swift in Sources */,
				2006AEA61E2017B000FB683D /* FirstViewController.swift in Sources */,
				201823F81E43B77C0007F478 /* SWRevealViewController.m in Sources */,
				201DF6671E8C675900BD7E93 /* Home2.swift in Sources */,
				209CFB731E79F47B00B6D78A /* MapViewController.swift in Sources */,
			);
			runOnlyForDeploymentPostprocessing = 0;
		};
/* End PBXSourcesBuildPhase section */

/* Begin PBXVariantGroup section */
		2006AEA91E2017B000FB683D /* storyboard */ = {
			isa = PBXVariantGroup;
			children = (
				2006AEAA1E2017B000FB683D /* Base */,
			);
			name = storyboard;
			sourceTree = "<group>";
		};
		2006AEAE1E2017B000FB683D /* LaunchScreen.storyboard */ = {
			isa = PBXVariantGroup;
			children = (
				2006AEAF1E2017B000FB683D /* Base */,
			);
			name = LaunchScreen.storyboard;
			sourceTree = "<group>";
		};
		201711F51E4D0D7800350258 /* 15879367_10210070566253975_367807476_n.png */ = {
			isa = PBXVariantGroup;
			children = (
				201711F41E4D0D7800350258 /* Base */,
			);
			name = 15879367_10210070566253975_367807476_n.png;
			path = ../..;
			sourceTree = "<group>";
		};
		20781E421E68D2B30011B44D /* main.storyboard */ = {
			isa = PBXVariantGroup;
			children = (
				20781E431E68D2B30011B44D /* Base */,
			);
			name = main.storyboard;
			sourceTree = "<group>";
		};
/* End PBXVariantGroup section */

/* Begin XCBuildConfiguration section */
		2006AEC81E2017B000FB683D /* Debug */ = {
			isa = XCBuildConfiguration;
			buildSettings = {
				ALWAYS_SEARCH_USER_PATHS = NO;
				CLANG_ANALYZER_NONNULL = YES;
				CLANG_CXX_LANGUAGE_STANDARD = "gnu++0x";
				CLANG_CXX_LIBRARY = "libc++";
				CLANG_ENABLE_MODULES = YES;
				CLANG_ENABLE_OBJC_ARC = YES;
				CLANG_WARN_BOOL_CONVERSION = YES;
				CLANG_WARN_CONSTANT_CONVERSION = YES;
				CLANG_WARN_DIRECT_OBJC_ISA_USAGE = YES_ERROR;
				CLANG_WARN_DOCUMENTATION_COMMENTS = YES;
				CLANG_WARN_EMPTY_BODY = YES;
				CLANG_WARN_ENUM_CONVERSION = YES;
				CLANG_WARN_INFINITE_RECURSION = YES;
				CLANG_WARN_INT_CONVERSION = YES;
				CLANG_WARN_OBJC_ROOT_CLASS = YES_ERROR;
				CLANG_WARN_SUSPICIOUS_MOVE = YES;
				CLANG_WARN_UNREACHABLE_CODE = YES;
				CLANG_WARN__DUPLICATE_METHOD_MATCH = YES;
				"CODE_SIGN_IDENTITY[sdk=iphoneos*]" = "iPhone Developer";
				COPY_PHASE_STRIP = NO;
				DEBUG_INFORMATION_FORMAT = dwarf;
				ENABLE_STRICT_OBJC_MSGSEND = YES;
				ENABLE_TESTABILITY = YES;
				GCC_C_LANGUAGE_STANDARD = gnu99;
				GCC_DYNAMIC_NO_PIC = NO;
				GCC_NO_COMMON_BLOCKS = YES;
				GCC_OPTIMIZATION_LEVEL = 0;
				GCC_PREPROCESSOR_DEFINITIONS = (
					"DEBUG=1",
					"$(inherited)",
				);
				GCC_WARN_64_TO_32_BIT_CONVERSION = YES;
				GCC_WARN_ABOUT_RETURN_TYPE = YES_ERROR;
				GCC_WARN_UNDECLARED_SELECTOR = YES;
				GCC_WARN_UNINITIALIZED_AUTOS = YES_AGGRESSIVE;
				GCC_WARN_UNUSED_FUNCTION = YES;
				GCC_WARN_UNUSED_VARIABLE = YES;
				IPHONEOS_DEPLOYMENT_TARGET = 10.2;
				MTL_ENABLE_DEBUG_INFO = YES;
				ONLY_ACTIVE_ARCH = YES;
				SDKROOT = iphoneos;
				SWIFT_ACTIVE_COMPILATION_CONDITIONS = DEBUG;
				SWIFT_OPTIMIZATION_LEVEL = "-Onone";
			};
			name = Debug;
		};
		2006AEC91E2017B000FB683D /* Release */ = {
			isa = XCBuildConfiguration;
			buildSettings = {
				ALWAYS_SEARCH_USER_PATHS = NO;
				CLANG_ANALYZER_NONNULL = YES;
				CLANG_CXX_LANGUAGE_STANDARD = "gnu++0x";
				CLANG_CXX_LIBRARY = "libc++";
				CLANG_ENABLE_MODULES = YES;
				CLANG_ENABLE_OBJC_ARC = YES;
				CLANG_WARN_BOOL_CONVERSION = YES;
				CLANG_WARN_CONSTANT_CONVERSION = YES;
				CLANG_WARN_DIRECT_OBJC_ISA_USAGE = YES_ERROR;
				CLANG_WARN_DOCUMENTATION_COMMENTS = YES;
				CLANG_WARN_EMPTY_BODY = YES;
				CLANG_WARN_ENUM_CONVERSION = YES;
				CLANG_WARN_INFINITE_RECURSION = YES;
				CLANG_WARN_INT_CONVERSION = YES;
				CLANG_WARN_OBJC_ROOT_CLASS = YES_ERROR;
				CLANG_WARN_SUSPICIOUS_MOVE = YES;
				CLANG_WARN_UNREACHABLE_CODE = YES;
				CLANG_WARN__DUPLICATE_METHOD_MATCH = YES;
				"CODE_SIGN_IDENTITY[sdk=iphoneos*]" = "iPhone Developer";
				COPY_PHASE_STRIP = NO;
				DEBUG_INFORMATION_FORMAT = "dwarf-with-dsym";
				ENABLE_NS_ASSERTIONS = NO;
				ENABLE_STRICT_OBJC_MSGSEND = YES;
				GCC_C_LANGUAGE_STANDARD = gnu99;
				GCC_NO_COMMON_BLOCKS = YES;
				GCC_WARN_64_TO_32_BIT_CONVERSION = YES;
				GCC_WARN_ABOUT_RETURN_TYPE = YES_ERROR;
				GCC_WARN_UNDECLARED_SELECTOR = YES;
				GCC_WARN_UNINITIALIZED_AUTOS = YES_AGGRESSIVE;
				GCC_WARN_UNUSED_FUNCTION = YES;
				GCC_WARN_UNUSED_VARIABLE = YES;
				IPHONEOS_DEPLOYMENT_TARGET = 10.2;
				MTL_ENABLE_DEBUG_INFO = NO;
				SDKROOT = iphoneos;
				SWIFT_OPTIMIZATION_LEVEL = "-Owholemodule";
				VALIDATE_PRODUCT = YES;
			};
			name = Release;
		};
		2006AECB1E2017B000FB683D /* Debug */ = {
			isa = XCBuildConfiguration;
			baseConfigurationReference = 92A06FC2FBB0C4E271EDB63A /* Pods-2Golf4.debug.xcconfig */;
			buildSettings = {
				ASSETCATALOG_COMPILER_APPICON_NAME = AppIcon;
				CLANG_ENABLE_MODULES = YES;
				DEVELOPMENT_TEAM = E662V5G5GY;
				INFOPLIST_FILE = 2Golf4/Info.plist;
				LD_RUNPATH_SEARCH_PATHS = "$(inherited) @executable_path/Frameworks";
				PRODUCT_BUNDLE_IDENTIFIER = "com.evan.-Golf4";
				PRODUCT_NAME = "$(TARGET_NAME)";
				SWIFT_OBJC_BRIDGING_HEADER = "2Golf4/2Golf4-Bridging-Header.h";
				SWIFT_OPTIMIZATION_LEVEL = "-Onone";
				SWIFT_VERSION = 3.0;
			};
			name = Debug;
		};
		2006AECC1E2017B000FB683D /* Release */ = {
			isa = XCBuildConfiguration;
			baseConfigurationReference = 51E4D718110997EFE8038010 /* Pods-2Golf4.release.xcconfig */;
			buildSettings = {
				ASSETCATALOG_COMPILER_APPICON_NAME = AppIcon;
				CLANG_ENABLE_MODULES = YES;
				DEVELOPMENT_TEAM = E662V5G5GY;
				INFOPLIST_FILE = 2Golf4/Info.plist;
				LD_RUNPATH_SEARCH_PATHS = "$(inherited) @executable_path/Frameworks";
				PRODUCT_BUNDLE_IDENTIFIER = "com.evan.-Golf4";
				PRODUCT_NAME = "$(TARGET_NAME)";
				SWIFT_OBJC_BRIDGING_HEADER = "2Golf4/2Golf4-Bridging-Header.h";
				SWIFT_VERSION = 3.0;
			};
			name = Release;
		};
/* End XCBuildConfiguration section */

/* Begin XCConfigurationList section */
		2006AE9B1E2017B000FB683D /* Build configuration list for PBXProject "2Golf4" */ = {
			isa = XCConfigurationList;
			buildConfigurations = (
				2006AEC81E2017B000FB683D /* Debug */,
				2006AEC91E2017B000FB683D /* Release */,
			);
			defaultConfigurationIsVisible = 0;
			defaultConfigurationName = Release;
		};
		2006AECA1E2017B000FB683D /* Build configuration list for PBXNativeTarget "2Golf4" */ = {
			isa = XCConfigurationList;
			buildConfigurations = (
				2006AECB1E2017B000FB683D /* Debug */,
				2006AECC1E2017B000FB683D /* Release */,
			);
			defaultConfigurationIsVisible = 0;
			defaultConfigurationName = Release;
		};
/* End XCConfigurationList section */
	};
	rootObject = 2006AE981E2017B000FB683D /* Project object */;
}
